# generated by rye
# use `rye lock` or `rye sync` to update this lockfile
#
# last locked with the following flags:
#   pre: false
#   features: ["skypilot"]
#   all-features: false
#   with-sources: false
#   generate-hashes: false
#   universal: false

-e file:.
absl-py==2.1.0
    # via fiddle
antlr4-python3-runtime==4.9.3
    # via omegaconf
attrs==24.2.0
    # via jsonschema
    # via referencing
bcrypt==4.2.0
    # via paramiko
cachetools==5.5.0
    # via google-auth
    # via skypilot
catalogue==2.0.10
    # via nemo-run
certifi==2024.7.4
    # via kubernetes
    # via requests
cffi==1.17.0
    # via cryptography
    # via pynacl
charset-normalizer==3.3.2
    # via requests
click==8.1.7
    # via skypilot
    # via typer
colorama==0.4.6
    # via skypilot
cryptography==42.0.8
    # via nemo-run
    # via paramiko
    # via skypilot
decorator==5.1.1
    # via fabric
deprecated==1.2.14
    # via fabric
docker==7.1.0
    # via torchx
docstring-parser==0.16
    # via torchx
fabric==3.2.2
    # via nemo-run
fiddle==0.3.0
    # via nemo-run
filelock==3.15.4
    # via skypilot
    # via torchx
fsspec==2024.6.1
    # via torchx
google-auth==2.34.0
    # via kubernetes
graphviz==0.20.3
    # via fiddle
idna==3.7
    # via requests
importlib-metadata==8.3.0
    # via torchx
inquirerpy==0.3.4
    # via nemo-run
invoke==2.2.0
    # via fabric
jinja2==3.1.4
    # via nemo-run
    # via skypilot
jsonschema==4.23.0
    # via skypilot
jsonschema-specifications==2023.12.1
    # via jsonschema
kubernetes==30.1.0
    # via skypilot
libcst==1.4.0
    # via fiddle
markdown-it-py==3.0.0
    # via rich
markupsafe==2.1.5
    # via jinja2
mdurl==0.1.2
    # via markdown-it-py
mypy-extensions==1.0.0
    # via typing-inspect
networkx==3.3
    # via nemo-run
    # via skypilot
numpy==2.1.0
    # via pandas
oauthlib==3.2.2
    # via kubernetes
    # via requests-oauthlib
omegaconf==2.3.0
    # via nemo-run
packaging==24.1
    # via skypilot
pandas==2.2.2
    # via skypilot
paramiko==3.4.1
    # via fabric
pendulum==3.0.0
    # via skypilot
pfzy==0.3.4
    # via inquirerpy
prettytable==3.11.0
    # via skypilot
prompt-toolkit==3.0.47
    # via inquirerpy
psutil==6.0.0
    # via skypilot
pulp==2.9.0
    # via skypilot
pyasn1==0.6.0
    # via pyasn1-modules
    # via rsa
pyasn1-modules==0.4.0
    # via google-auth
pycparser==2.22
    # via cffi
pygments==2.18.0
    # via rich
pynacl==1.5.0
    # via paramiko
pyre-extensions==0.0.30
    # via torchx
python-dateutil==2.9.0.post0
    # via kubernetes
    # via pandas
    # via pendulum
    # via time-machine
python-dotenv==1.0.1
    # via skypilot
pytz==2024.1
    # via pandas
pyyaml==6.0.2
    # via kubernetes
    # via libcst
    # via omegaconf
    # via skypilot
    # via torchx
referencing==0.35.1
    # via jsonschema
    # via jsonschema-specifications
requests==2.32.3
    # via docker
    # via kubernetes
    # via requests-oauthlib
    # via skypilot
requests-oauthlib==2.0.0
    # via kubernetes
rich==13.7.1
    # via nemo-run
    # via skypilot
    # via typer
rpds-py==0.20.0
    # via jsonschema
    # via referencing
rsa==4.9
    # via google-auth
shellingham==1.5.4
    # via typer
six==1.16.0
    # via kubernetes
    # via python-dateutil
skypilot==0.6.1
    # via nemo-run
tabulate==0.9.0
    # via skypilot
    # via torchx
time-machine==2.15.0
    # via pendulum
torchx==0.7.0
    # via nemo-run
typer==0.12.4
    # via nemo-run
typing-extensions==4.12.2
    # via fiddle
    # via pyre-extensions
    # via skypilot
    # via typer
    # via typing-inspect
typing-inspect==0.9.0
    # via pyre-extensions
tzdata==2024.1
    # via pandas
    # via pendulum
urllib3==1.26.19
    # via docker
    # via kubernetes
    # via requests
    # via torchx
wcwidth==0.2.13
    # via prettytable
    # via prompt-toolkit
websocket-client==1.8.0
    # via kubernetes
wheel==0.44.0
    # via skypilot
wrapt==1.16.0
    # via deprecated
zipp==3.20.0
    # via importlib-metadata
