# generated by rye
# use `rye lock` or `rye sync` to update this lockfile
#
# last locked with the following flags:
#   pre: false
#   features: ["skypilot"]
#   all-features: false
#   with-sources: false
#   generate-hashes: false
#   universal: false

-e file:.
absl-py==2.1.0
antlr4-python3-runtime==4.9.3
attrs==24.2.0
bcrypt==4.2.0
cachetools==5.5.0
catalogue==2.0.10
certifi==2024.7.4
cffi==1.17.0
charset-normalizer==3.3.2
click==8.1.7
colorama==0.4.6
cryptography==42.0.8
decorator==5.1.1
deprecated==1.2.14
docker==7.1.0
docstring-parser==0.16
fabric==3.2.2
fiddle==0.3.0
filelock==3.15.4
fsspec==2024.6.1
google-auth==2.34.0
graphviz==0.20.3
idna==3.7
importlib-metadata==8.3.0
inquirerpy==0.3.4
invoke==2.2.0
jinja2==3.1.4
jsonschema==4.23.0
jsonschema-specifications==2023.12.1
kubernetes==30.1.0
libcst==1.4.0
markdown-it-py==3.0.0
markupsafe==2.1.5
mdurl==0.1.2
mypy-extensions==1.0.0
networkx==3.3
numpy==2.1.0
oauthlib==3.2.2
omegaconf==2.3.0
packaging==24.1
pandas==2.2.2
paramiko==3.4.1
pendulum==3.0.0
pfzy==0.3.4
prettytable==3.11.0
prompt-toolkit==3.0.47
psutil==6.0.0
pulp==2.9.0
pyasn1==0.6.0
pyasn1-modules==0.4.0
pycparser==2.22
pygments==2.18.0
pynacl==1.5.0
pyre-extensions==0.0.30
python-dateutil==2.9.0.post0
python-dotenv==1.0.1
pytz==2024.1
pyyaml==6.0.2
referencing==0.35.1
requests==2.32.3
requests-oauthlib==2.0.0
rich==13.7.1
rpds-py==0.20.0
rsa==4.9
shellingham==1.5.4
six==1.16.0
skypilot-nightly==1.0.0.dev20241205
tabulate==0.9.0
time-machine==2.15.0
torchx==0.7.0
typer==0.12.4
typing-extensions==4.12.2
typing-inspect==0.9.0
tzdata==2024.1
urllib3==1.26.19
wcwidth==0.2.13
websocket-client==1.8.0
wheel==0.44.0
wrapt==1.16.0
zipp==3.20.0
